
Microsoft Visual Studio Solution File, Format Version 12.00
# Visual Studio Version 16
VisualStudioVersion = 16.0.30804.86
MinimumVisualStudioVersion = 10.0.40219.1
Project("{FAE04EC0-301F-11D3-BF4B-00C04F79EFBC}") = "WebApplication", "WebApplication\WebApplication.csproj", "{0F9F1E47-2D6B-4C20-B2A3-9382B957F133}"
EndProject
Global
	GlobalSection(SolutionConfigurationPlatforms) = preSolution
		Debug|Any CPU = Debug|Any CPU
		Release|Any CPU = Release|Any CPU
	EndGlobalSection
	GlobalSection(ProjectConfigurationPlatforms) = postSolution
		{0F9F1E47-2D6B-4C20-B2A3-9382B957F133}.Debug|Any CPU.ActiveCfg = Debug|Any CPU
		{0F9F1E47-2D6B-4C20-B2A3-9382B957F133}.Debug|Any CPU.Build.0 = Debug|Any CPU
		{0F9F1E47-2D6B-4C20-B2A3-9382B957F133}.Release|Any CPU.ActiveCfg = Release|Any CPU
		{0F9F1E47-2D6B-4C20-B2A3-9382B957F133}.Release|Any CPU.Build.0 = Release|Any CPU
	EndGlobalSection
	GlobalSection(SolutionProperties) = preSolution
		HideSolutionNode = FALSE
	EndGlobalSection
	GlobalSection(ExtensibilityGlobals) = postSolution
		SolutionGuid = {8DF58C7E-9319-47C6-ABE9-A8C5577281AB}
	EndGlobalSection
EndGlobal
