
Microsoft Visual Studio Solution File, Format Version 12.00
# Visual Studio Version 16
VisualStudioVersion = 16.0.29613.14
MinimumVisualStudioVersion = 10.0.40219.1
Project("{9A19103F-16F7-4668-BE54-9A1E7A4F7556}") = "Calculator", "Calculator\Calculator.csproj", "{A03CF92B-521D-4116-9C26-110FBDF0C9C3}"
EndProject
Project("{FAE04EC0-301F-11D3-BF4B-00C04F79EFBC}") = "CalculatorFramework", "CalculatorFramework\CalculatorFramework.csproj", "{16D8F07B-596C-4B45-B209-E6AC21A86D1E}"
EndProject
Project("{FAE04EC0-301F-11D3-BF4B-00C04F79EFBC}") = "CalculatorTests", "CalculatorTests\CalculatorTests.csproj", "{91AC7172-6762-4644-A9F8-C3BBDA6553F8}"
EndProject
Global
	GlobalSection(SolutionConfigurationPlatforms) = preSolution
		Debug|Any CPU = Debug|Any CPU
		Release|Any CPU = Release|Any CPU
	EndGlobalSection
	GlobalSection(ProjectConfigurationPlatforms) = postSolution
		{A03CF92B-521D-4116-9C26-110FBDF0C9C3}.Debug|Any CPU.ActiveCfg = Debug|Any CPU
		{A03CF92B-521D-4116-9C26-110FBDF0C9C3}.Debug|Any CPU.Build.0 = Debug|Any CPU
		{A03CF92B-521D-4116-9C26-110FBDF0C9C3}.Release|Any CPU.ActiveCfg = Release|Any CPU
		{A03CF92B-521D-4116-9C26-110FBDF0C9C3}.Release|Any CPU.Build.0 = Release|Any CPU
		{16D8F07B-596C-4B45-B209-E6AC21A86D1E}.Debug|Any CPU.ActiveCfg = Debug|Any CPU
		{16D8F07B-596C-4B45-B209-E6AC21A86D1E}.Debug|Any CPU.Build.0 = Debug|Any CPU
		{16D8F07B-596C-4B45-B209-E6AC21A86D1E}.Release|Any CPU.ActiveCfg = Release|Any CPU
		{16D8F07B-596C-4B45-B209-E6AC21A86D1E}.Release|Any CPU.Build.0 = Release|Any CPU
		{91AC7172-6762-4644-A9F8-C3BBDA6553F8}.Debug|Any CPU.ActiveCfg = Debug|Any CPU
		{91AC7172-6762-4644-A9F8-C3BBDA6553F8}.Debug|Any CPU.Build.0 = Debug|Any CPU
		{91AC7172-6762-4644-A9F8-C3BBDA6553F8}.Release|Any CPU.ActiveCfg = Release|Any CPU
		{91AC7172-6762-4644-A9F8-C3BBDA6553F8}.Release|Any CPU.Build.0 = Release|Any CPU
	EndGlobalSection
	GlobalSection(SolutionProperties) = preSolution
		HideSolutionNode = FALSE
	EndGlobalSection
	GlobalSection(ExtensibilityGlobals) = postSolution
		SolutionGuid = {B10DDBC6-44DF-4037-9E52-464B8FDE9800}
	EndGlobalSection
EndGlobal
