
Microsoft Visual Studio Solution File, Format Version 12.00
# Visual Studio Version 16
VisualStudioVersion = 16.0.30804.86
MinimumVisualStudioVersion = 10.0.40219.1
Project("{FAE04EC0-301F-11D3-BF4B-00C04F79EFBC}") = "Introduction", "Introduction.csproj", "{06C82002-AEB6-49F1-A4D1-CDAE5CB66A65}"
EndProject
Global
	GlobalSection(SolutionConfigurationPlatforms) = preSolution
		Debug|Any CPU = Debug|Any CPU
		Release|Any CPU = Release|Any CPU
	EndGlobalSection
	GlobalSection(ProjectConfigurationPlatforms) = postSolution
		{06C82002-AEB6-49F1-A4D1-CDAE5CB66A65}.Debug|Any CPU.ActiveCfg = Debug|Any CPU
		{06C82002-AEB6-49F1-A4D1-CDAE5CB66A65}.Debug|Any CPU.Build.0 = Debug|Any CPU
		{06C82002-AEB6-49F1-A4D1-CDAE5CB66A65}.Release|Any CPU.ActiveCfg = Release|Any CPU
		{06C82002-AEB6-49F1-A4D1-CDAE5CB66A65}.Release|Any CPU.Build.0 = Release|Any CPU
	EndGlobalSection
	GlobalSection(SolutionProperties) = preSolution
		HideSolutionNode = FALSE
	EndGlobalSection
	GlobalSection(ExtensibilityGlobals) = postSolution
		SolutionGuid = {5FA4D361-A7C4-4C95-910E-AF1BB94BF81D}
	EndGlobalSection
EndGlobal
